github.com/BurntSushi/toml v0.3.1 h1:WXkYYl6Yr3qBf1K79EBnL4mak0OimBfB0XUf9Vl28OQ=
github.com/BurntSushi/toml v0.3.1/go.mod h1:xHWCNGjB5oqiDr8zfno3MHue2Ht5sIBksp03qcyfWMU=
github.com/biogo/boom v0.0.0-20150317015657-28119bc1ffc1 h1:LAHY5JxqhOgJDeDBGKsQ4300qd3sG8C0j5CQS8gD+Kw=
github.com/biogo/boom v0.0.0-20150317015657-28119bc1ffc1/go.mod h1:fwtxkutinkQcME9Zlywh66T0jZLLjgrwSLY2WxH2N3U=
github.com/biogo/hts v1.4.5 h1:mhVCpZaTYlAhBjMaAATGWBnauioBtmvOb0ApLdU4/+0=
github.com/biogo/hts v1.4.5/go.mod h1:GgiMFa6c4eEkwS3kCBRPv3oPgtRm7L8SXvdE9nICnYc=
github.com/brentp/bix v0.0.0-20250701183917-000f089eabc0 h1:F/nIyfoykz+0maEjNiSLTA8o9fZSwa/MTt7MP+awTes=
github.com/brentp/bix v0.0.0-20250701183917-000f089eabc0/go.mod h1:l0g9nyO24iJMuPEQecNZryJPKfcNgHJQY5cDEB8mBaQ=
github.com/brentp/goluaez v0.0.0-20160116211227-dd35d08e32e7 h1:P8vOvvpkLjhvF6DHIBnEYGUGcrSiKGoM76kVaSFuN14=
github.com/brentp/goluaez v0.0.0-20160116211227-dd35d08e32e7/go.mod h1:FIsyAMxXiaaoGPtGKXWMQVaAQcC4zrCLYU0vk0dfJ1g=
github.com/brentp/irelate v0.0.2 h1:HlmlRQwSFiimv51fxXqc6DvsVSkwwsMCmVbw6Y3OxQQ=
github.com/brentp/irelate v0.0.2/go.mod h1:mlX9BQip2eFIKRkw8v9OysAgAm4Jo8QjHcAQQf45zX4=
github.com/brentp/vcfgo v0.0.0-20250902214554-a31336cef488 h1:kkdQjzmPByd/OTSedx5LAIsNjPgHTxzQv9OcBMTshi0=
github.com/brentp/vcfgo v0.0.0-20250902214554-a31336cef488/go.mod h1:DDMWmbbsIQXT6k6RvgvlI1AGtjaYVr5de1c+ATUw9ls=
github.com/brentp/xopen v0.0.0-20181116180855-111b45cadc7d h1:FfZATyJ+iDMyNPc42Nt77vTbZt/WaHkkxGD0+bf9T78=
github.com/brentp/xopen v0.0.0-20181116180855-111b45cadc7d/go.mod h1:e9h4TyB6lQQXv8+zIg6/OskMHMuNXeyo4Ezw/47wWi0=
github.com/chzyer/logex v1.1.10/go.mod h1:+Ywpsq7O8HXn0nuIou7OrIPyXbp3wmkHB+jjWRnGsAI=
github.com/chzyer/readline v0.0.0-20180603132655-2972be24d48e/go.mod h1:nSuG5e5PlCu98SY8svDHJxuZscDgtXS6KTTbou5AhLI=
github.com/chzyer/test v0.0.0-20180213035817-a1ea475d72b1/go.mod h1:Q3SI9o4m/ZMnBNeIyt5eFwwo7qiLfzFZmjNmxjkiQlU=
github.com/kr/pretty v0.2.1 h1:Fmg33tUaq4/8ym9TJN1x7sLJnHVwhP33CNkpYV/7rwI=
github.com/kr/pretty v0.2.1/go.mod h1:ipq/a2n7PKx3OHsz4KJII5eveXtPO4qwEXGdVfWzfnI=
github.com/kr/pty v1.1.1/go.mod h1:pFQYn66WHrOpPYNljwOMqo10TkYh1fy3cYio2l3bCsQ=
github.com/kr/text v0.1.0 h1:45sCR5RtlFHMR4UwH9sdQ5TC8v0qDQCHnXt+kaKSTVE=
github.com/kr/text v0.1.0/go.mod h1:4Jbv+DJW3UT/LiOwJeYQe1efqtUx/iVham/4vfdArNI=
github.com/pkg/errors v0.9.1 h1:FEBLx1zS214owpjy7qsBeixbURkuhQAwrK5UwLGTwt4=
github.com/pkg/errors v0.9.1/go.mod h1:bwawxfHBFNV+L2hUp1rHADufV3IMtnDRdf1r5NINEl0=
github.com/yuin/gluare v0.0.0-20170607022532-d7c94f1a80ed h1:I1vcLHWU9m30rA90rMrKPu0eD3NDA4FBlkB8WMaDyUw=
github.com/yuin/gluare v0.0.0-20170607022532-d7c94f1a80ed/go.mod h1:9w6KSdZh23UWqOywWsRLUcJUrUNjRh4Ql3z9uVgnSP4=
github.com/yuin/gopher-lua v0.0.0-20210529063254-f4c35e4016d9 h1:k/gmLsJDWwWqbLCur2yWnJzwQEKRcAHXo6seXGuSwWw=
github.com/yuin/gopher-lua v0.0.0-20210529063254-f4c35e4016d9/go.mod h1:E1AXubJBdNmFERAOucpDIxNzeGfLzg0mYh+UfMWdChA=
golang.org/x/sys v0.0.0-20190204203706-41f3e6584952/go.mod h1:STP8DvDyc/dI5b8T5hshtkjS+E42TnysNCUPdjciGhY=
gopkg.in/check.v1 v1.0.0-20201130134442-10cb98267c6c h1:Hei/4ADfdWqJk1ZMxUNpqntNwaWcugrBjAiHlqqRiVk=
gopkg.in/check.v1 v1.0.0-20201130134442-10cb98267c6c/go.mod h1:JHkPIbrfpd72SG/EVd6muEfDQjcINNoR0C8j2r3qZ4Q=
